// !$*UTF8*$!
{
	archiveVersion = 1;
	classes = {
	};
	objectVersion = 46;
	objects = {

/* Begin PBXBuildFile section */
		001E92081E5EB3D400980069 /* zsLib_eventing_tool_CommandLine.cpp in Sources */ = {isa = PBXBuildFile; fileRef = 001E91FC1E5EB3D400980069 /* zsLib_eventing_tool_CommandLine.cpp */; };
		001E92091E5EB3D400980069 /* zsLib_eventing_tool_EventingCompiler.cpp in Sources */ = {isa = PBXBuildFile; fileRef = 001E91FD1E5EB3D400980069 /* zsLib_eventing_tool_EventingCompiler.cpp */; settings = {COMPILER_FLAGS = "-Wno-documentation"; }; };
		001E920A1E5EB3D400980069 /* zsLib_eventing_tool_GenerateHelper.cpp in Sources */ = {isa = PBXBuildFile; fileRef = 001E91FE1E5EB3D400980069 /* zsLib_eventing_tool_GenerateHelper.cpp */; };
		001E920B1E5EB3D400980069 /* zsLib_eventing_tool_GenerateStructCx.cpp in Sources */ = {isa = PBXBuildFile; fileRef = 001E91FF1E5EB3D400980069 /* zsLib_eventing_tool_GenerateStructCx.cpp */; };
		001E920C1E5EB3D400980069 /* zsLib_eventing_tool_GenerateStructHeader.cpp in Sources */ = {isa = PBXBuildFile; fileRef = 001E92001E5EB3D400980069 /* zsLib_eventing_tool_GenerateStructHeader.cpp */; };
		001E920D1E5EB3D400980069 /* zsLib_eventing_tool_GenerateStructImpHeader.cpp in Sources */ = {isa = PBXBuildFile; fileRef = 001E92011E5EB3D400980069 /* zsLib_eventing_tool_GenerateStructImpHeader.cpp */; };
		001E920E1E5EB3D400980069 /* zsLib_eventing_tool_GenerateStructImplCpp.cpp in Sources */ = {isa = PBXBuildFile; fileRef = 001E92021E5EB3D400980069 /* zsLib_eventing_tool_GenerateStructImplCpp.cpp */; };
		001E920F1E5EB3D400980069 /* zsLib_eventing_tool_GenerateTypesHeader.cpp in Sources */ = {isa = PBXBuildFile; fileRef = 001E92031E5EB3D400980069 /* zsLib_eventing_tool_GenerateTypesHeader.cpp */; };
		001E92101E5EB3D400980069 /* zsLib_eventing_tool_Helper.cpp in Sources */ = {isa = PBXBuildFile; fileRef = 001E92041E5EB3D400980069 /* zsLib_eventing_tool_Helper.cpp */; };
		001E92111E5EB3D400980069 /* zsLib_eventing_tool_IDLCompiler.cpp in Sources */ = {isa = PBXBuildFile; fileRef = 001E92051E5EB3D400980069 /* zsLib_eventing_tool_IDLCompiler.cpp */; };
		001E92121E5EB3D400980069 /* zsLib_eventing_tool_Monitor.cpp in Sources */ = {isa = PBXBuildFile; fileRef = 001E92061E5EB3D400980069 /* zsLib_eventing_tool_Monitor.cpp */; };
		001E92131E5EB3D400980069 /* zsLib_eventing_tool.cpp in Sources */ = {isa = PBXBuildFile; fileRef = 001E92071E5EB3D400980069 /* zsLib_eventing_tool.cpp */; };
		005779AE1E9682CF004B0E53 /* zsLib_eventing_tool_GenerateJson.cpp in Sources */ = {isa = PBXBuildFile; fileRef = 005779AB1E9682CF004B0E53 /* zsLib_eventing_tool_GenerateJson.cpp */; };
		005779AF1E9682CF004B0E53 /* zsLib_eventing_tool_GenerateStructC.cpp in Sources */ = {isa = PBXBuildFile; fileRef = 005779AC1E9682CF004B0E53 /* zsLib_eventing_tool_GenerateStructC.cpp */; };
		005779B01E9682CF004B0E53 /* zsLib_eventing_tool_GenerateStructDotNet.cpp in Sources */ = {isa = PBXBuildFile; fileRef = 005779AD1E9682CF004B0E53 /* zsLib_eventing_tool_GenerateStructDotNet.cpp */; };
/* End PBXBuildFile section */

/* Begin PBXCopyFilesBuildPhase section */
		008698711DE3F51F009D669C /* CopyFiles */ = {
			isa = PBXCopyFilesBuildPhase;
			buildActionMask = 2147483647;
			dstPath = "include/$(PRODUCT_NAME)";
			dstSubfolderSpec = 16;
			files = (
			);
			runOnlyForDeploymentPostprocessing = 0;
		};
/* End PBXCopyFilesBuildPhase section */

/* Begin PBXFileReference section */
		001E91FC1E5EB3D400980069 /* zsLib_eventing_tool_CommandLine.cpp */ = {isa = PBXFileReference; fileEncoding = 4; lastKnownFileType = sourcecode.cpp.cpp; path = zsLib_eventing_tool_CommandLine.cpp; sourceTree = "<group>"; };
		001E91FD1E5EB3D400980069 /* zsLib_eventing_tool_EventingCompiler.cpp */ = {isa = PBXFileReference; fileEncoding = 4; lastKnownFileType = sourcecode.cpp.cpp; path = zsLib_eventing_tool_EventingCompiler.cpp; sourceTree = "<group>"; };
		001E91FE1E5EB3D400980069 /* zsLib_eventing_tool_GenerateHelper.cpp */ = {isa = PBXFileReference; fileEncoding = 4; lastKnownFileType = sourcecode.cpp.cpp; path = zsLib_eventing_tool_GenerateHelper.cpp; sourceTree = "<group>"; };
		001E91FF1E5EB3D400980069 /* zsLib_eventing_tool_GenerateStructCx.cpp */ = {isa = PBXFileReference; fileEncoding = 4; lastKnownFileType = sourcecode.cpp.cpp; path = zsLib_eventing_tool_GenerateStructCx.cpp; sourceTree = "<group>"; };
		001E92001E5EB3D400980069 /* zsLib_eventing_tool_GenerateStructHeader.cpp */ = {isa = PBXFileReference; fileEncoding = 4; lastKnownFileType = sourcecode.cpp.cpp; path = zsLib_eventing_tool_GenerateStructHeader.cpp; sourceTree = "<group>"; };
		001E92011E5EB3D400980069 /* zsLib_eventing_tool_GenerateStructImpHeader.cpp */ = {isa = PBXFileReference; fileEncoding = 4; lastKnownFileType = sourcecode.cpp.cpp; path = zsLib_eventing_tool_GenerateStructImpHeader.cpp; sourceTree = "<group>"; };
		001E92021E5EB3D400980069 /* zsLib_eventing_tool_GenerateStructImplCpp.cpp */ = {isa = PBXFileReference; fileEncoding = 4; lastKnownFileType = sourcecode.cpp.cpp; path = zsLib_eventing_tool_GenerateStructImplCpp.cpp; sourceTree = "<group>"; };
		001E92031E5EB3D400980069 /* zsLib_eventing_tool_GenerateTypesHeader.cpp */ = {isa = PBXFileReference; fileEncoding = 4; lastKnownFileType = sourcecode.cpp.cpp; path = zsLib_eventing_tool_GenerateTypesHeader.cpp; sourceTree = "<group>"; };
		001E92041E5EB3D400980069 /* zsLib_eventing_tool_Helper.cpp */ = {isa = PBXFileReference; fileEncoding = 4; lastKnownFileType = sourcecode.cpp.cpp; path = zsLib_eventing_tool_Helper.cpp; sourceTree = "<group>"; };
		001E92051E5EB3D400980069 /* zsLib_eventing_tool_IDLCompiler.cpp */ = {isa = PBXFileReference; fileEncoding = 4; lastKnownFileType = sourcecode.cpp.cpp; path = zsLib_eventing_tool_IDLCompiler.cpp; sourceTree = "<group>"; };
		001E92061E5EB3D400980069 /* zsLib_eventing_tool_Monitor.cpp */ = {isa = PBXFileReference; fileEncoding = 4; lastKnownFileType = sourcecode.cpp.cpp; path = zsLib_eventing_tool_Monitor.cpp; sourceTree = "<group>"; };
		001E92071E5EB3D400980069 /* zsLib_eventing_tool.cpp */ = {isa = PBXFileReference; fileEncoding = 4; lastKnownFileType = sourcecode.cpp.cpp; path = zsLib_eventing_tool.cpp; sourceTree = "<group>"; };
		001E92141E5EB3E400980069 /* types.h */ = {isa = PBXFileReference; lastKnownFileType = sourcecode.c.h; path = types.h; sourceTree = "<group>"; };
		001E92151E5EB3E400980069 /* zsLib_eventing_tool_CommandLine.h */ = {isa = PBXFileReference; lastKnownFileType = sourcecode.c.h; path = zsLib_eventing_tool_CommandLine.h; sourceTree = "<group>"; };
		001E92161E5EB3E400980069 /* zsLib_eventing_tool_EventingCompiler.h */ = {isa = PBXFileReference; lastKnownFileType = sourcecode.c.h; path = zsLib_eventing_tool_EventingCompiler.h; sourceTree = "<group>"; };
		001E92171E5EB3E400980069 /* zsLib_eventing_tool_GenerateHelper.h */ = {isa = PBXFileReference; lastKnownFileType = sourcecode.c.h; path = zsLib_eventing_tool_GenerateHelper.h; sourceTree = "<group>"; };
		001E92181E5EB3E400980069 /* zsLib_eventing_tool_GenerateStructCx.h */ = {isa = PBXFileReference; lastKnownFileType = sourcecode.c.h; path = zsLib_eventing_tool_GenerateStructCx.h; sourceTree = "<group>"; };
		001E92191E5EB3E400980069 /* zsLib_eventing_tool_GenerateStructHeader.h */ = {isa = PBXFileReference; lastKnownFileType = sourcecode.c.h; path = zsLib_eventing_tool_GenerateStructHeader.h; sourceTree = "<group>"; };
		001E921A1E5EB3E400980069 /* zsLib_eventing_tool_GenerateStructImplCpp.h */ = {isa = PBXFileReference; lastKnownFileType = sourcecode.c.h; path = zsLib_eventing_tool_GenerateStructImplCpp.h; sourceTree = "<group>"; };
		001E921B1E5EB3E400980069 /* zsLib_eventing_tool_GenerateStructImplHeader.h */ = {isa = PBXFileReference; lastKnownFileType = sourcecode.c.h; path = zsLib_eventing_tool_GenerateStructImplHeader.h; sourceTree = "<group>"; };
		001E921C1E5EB3E400980069 /* zsLib_eventing_tool_GenerateTypesHeader.h */ = {isa = PBXFileReference; lastKnownFileType = sourcecode.c.h; path = zsLib_eventing_tool_GenerateTypesHeader.h; sourceTree = "<group>"; };
		001E921D1E5EB3E400980069 /* zsLib_eventing_tool_Helper.h */ = {isa = PBXFileReference; lastKnownFileType = sourcecode.c.h; path = zsLib_eventing_tool_Helper.h; sourceTree = "<group>"; };
		001E921E1E5EB3E400980069 /* zsLib_eventing_tool_IDLCompiler.h */ = {isa = PBXFileReference; lastKnownFileType = sourcecode.c.h; path = zsLib_eventing_tool_IDLCompiler.h; sourceTree = "<group>"; };
		001E921F1E5EB3E400980069 /* zsLib_eventing_tool_Monitor.h */ = {isa = PBXFileReference; lastKnownFileType = sourcecode.c.h; path = zsLib_eventing_tool_Monitor.h; sourceTree = "<group>"; };
		001E92201E5EB3E400980069 /* zsLib_eventing_tool.h */ = {isa = PBXFileReference; lastKnownFileType = sourcecode.c.h; path = zsLib_eventing_tool.h; sourceTree = "<group>"; };
		005779A81E96828F004B0E53 /* zsLib_eventing_tool_GenerateJson.h */ = {isa = PBXFileReference; fileEncoding = 4; lastKnownFileType = sourcecode.c.h; path = zsLib_eventing_tool_GenerateJson.h; sourceTree = "<group>"; };
		005779A91E96828F004B0E53 /* zsLib_eventing_tool_GenerateStructC.h */ = {isa = PBXFileReference; fileEncoding = 4; lastKnownFileType = sourcecode.c.h; path = zsLib_eventing_tool_GenerateStructC.h; sourceTree = "<group>"; };
		005779AA1E96828F004B0E53 /* zsLib_eventing_tool_GenerateStructDotNet.h */ = {isa = PBXFileReference; fileEncoding = 4; lastKnownFileType = sourcecode.c.h; path = zsLib_eventing_tool_GenerateStructDotNet.h; sourceTree = "<group>"; };
		005779AB1E9682CF004B0E53 /* zsLib_eventing_tool_GenerateJson.cpp */ = {isa = PBXFileReference; fileEncoding = 4; lastKnownFileType = sourcecode.cpp.cpp; path = zsLib_eventing_tool_GenerateJson.cpp; sourceTree = "<group>"; };
		005779AC1E9682CF004B0E53 /* zsLib_eventing_tool_GenerateStructC.cpp */ = {isa = PBXFileReference; fileEncoding = 4; lastKnownFileType = sourcecode.cpp.cpp; path = zsLib_eventing_tool_GenerateStructC.cpp; sourceTree = "<group>"; };
		005779AD1E9682CF004B0E53 /* zsLib_eventing_tool_GenerateStructDotNet.cpp */ = {isa = PBXFileReference; fileEncoding = 4; lastKnownFileType = sourcecode.cpp.cpp; path = zsLib_eventing_tool_GenerateStructDotNet.cpp; sourceTree = "<group>"; };
		008698731DE3F51F009D669C /* libzsLib-eventing-tool-ios.a */ = {isa = PBXFileReference; explicitFileType = archive.ar; includeInIndex = 0; path = "libzsLib-eventing-tool-ios.a"; sourceTree = BUILT_PRODUCTS_DIR; };
		008698941DE3F543009D669C /* ICommandLine.h */ = {isa = PBXFileReference; fileEncoding = 4; lastKnownFileType = sourcecode.c.h; path = ICommandLine.h; sourceTree = "<group>"; };
		008698951DE3F543009D669C /* ICompiler.h */ = {isa = PBXFileReference; fileEncoding = 4; lastKnownFileType = sourcecode.c.h; path = ICompiler.h; sourceTree = "<group>"; };
		0086989B1DE3F543009D669C /* OutputStream.h */ = {isa = PBXFileReference; fileEncoding = 4; lastKnownFileType = sourcecode.c.h; path = OutputStream.h; sourceTree = "<group>"; };
		0086989C1DE3F543009D669C /* tool.h */ = {isa = PBXFileReference; fileEncoding = 4; lastKnownFileType = sourcecode.c.h; path = tool.h; sourceTree = "<group>"; };
		0086989D1DE3F543009D669C /* types.h */ = {isa = PBXFileReference; fileEncoding = 4; lastKnownFileType = sourcecode.c.h; path = types.h; sourceTree = "<group>"; };
/* End PBXFileReference section */

/* Begin PBXFrameworksBuildPhase section */
		008698701DE3F51F009D669C /* Frameworks */ = {
			isa = PBXFrameworksBuildPhase;
			buildActionMask = 2147483647;
			files = (
			);
			runOnlyForDeploymentPostprocessing = 0;
		};
/* End PBXFrameworksBuildPhase section */

/* Begin PBXGroup section */
		0086986A1DE3F51F009D669C = {
			isa = PBXGroup;
			children = (
				0086987F1DE3F543009D669C /* zsLib */,
				008698741DE3F51F009D669C /* Products */,
			);
			sourceTree = "<group>";
		};
		008698741DE3F51F009D669C /* Products */ = {
			isa = PBXGroup;
			children = (
				008698731DE3F51F009D669C /* libzsLib-eventing-tool-ios.a */,
			);
			name = Products;
			sourceTree = "<group>";
		};
		0086987F1DE3F543009D669C /* zsLib */ = {
			isa = PBXGroup;
			children = (
				008698801DE3F543009D669C /* eventing */,
			);
			name = zsLib;
			path = ../../../zsLib;
			sourceTree = "<group>";
		};
		008698801DE3F543009D669C /* eventing */ = {
			isa = PBXGroup;
			children = (
				0086988F1DE3F543009D669C /* tool */,
			);
			path = eventing;
			sourceTree = "<group>";
		};
		0086988F1DE3F543009D669C /* tool */ = {
			isa = PBXGroup;
			children = (
				008698901DE3F543009D669C /* cpp */,
				008698961DE3F543009D669C /* internal */,
				008698941DE3F543009D669C /* ICommandLine.h */,
				008698951DE3F543009D669C /* ICompiler.h */,
				0086989B1DE3F543009D669C /* OutputStream.h */,
				0086989C1DE3F543009D669C /* tool.h */,
				0086989D1DE3F543009D669C /* types.h */,
			);
			path = tool;
			sourceTree = "<group>";
		};
		008698901DE3F543009D669C /* cpp */ = {
			isa = PBXGroup;
			children = (
				001E91FC1E5EB3D400980069 /* zsLib_eventing_tool_CommandLine.cpp */,
				001E91FD1E5EB3D400980069 /* zsLib_eventing_tool_EventingCompiler.cpp */,
				001E91FE1E5EB3D400980069 /* zsLib_eventing_tool_GenerateHelper.cpp */,
				005779AB1E9682CF004B0E53 /* zsLib_eventing_tool_GenerateJson.cpp */,
				005779AC1E9682CF004B0E53 /* zsLib_eventing_tool_GenerateStructC.cpp */,
				001E91FF1E5EB3D400980069 /* zsLib_eventing_tool_GenerateStructCx.cpp */,
				005779AD1E9682CF004B0E53 /* zsLib_eventing_tool_GenerateStructDotNet.cpp */,
				001E92001E5EB3D400980069 /* zsLib_eventing_tool_GenerateStructHeader.cpp */,
				001E92011E5EB3D400980069 /* zsLib_eventing_tool_GenerateStructImpHeader.cpp */,
				001E92021E5EB3D400980069 /* zsLib_eventing_tool_GenerateStructImplCpp.cpp */,
				001E92031E5EB3D400980069 /* zsLib_eventing_tool_GenerateTypesHeader.cpp */,
				001E92041E5EB3D400980069 /* zsLib_eventing_tool_Helper.cpp */,
				001E92051E5EB3D400980069 /* zsLib_eventing_tool_IDLCompiler.cpp */,
				001E92061E5EB3D400980069 /* zsLib_eventing_tool_Monitor.cpp */,
				001E92071E5EB3D400980069 /* zsLib_eventing_tool.cpp */,
			);
			path = cpp;
			sourceTree = "<group>";
		};
		008698961DE3F543009D669C /* internal */ = {
			isa = PBXGroup;
			children = (
				001E92141E5EB3E400980069 /* types.h */,
				001E92151E5EB3E400980069 /* zsLib_eventing_tool_CommandLine.h */,
				001E92161E5EB3E400980069 /* zsLib_eventing_tool_EventingCompiler.h */,
				001E92171E5EB3E400980069 /* zsLib_eventing_tool_GenerateHelper.h */,
				005779A81E96828F004B0E53 /* zsLib_eventing_tool_GenerateJson.h */,
				005779A91E96828F004B0E53 /* zsLib_eventing_tool_GenerateStructC.h */,
				001E92181E5EB3E400980069 /* zsLib_eventing_tool_GenerateStructCx.h */,
				005779AA1E96828F004B0E53 /* zsLib_eventing_tool_GenerateStructDotNet.h */,
				001E92191E5EB3E400980069 /* zsLib_eventing_tool_GenerateStructHeader.h */,
				001E921A1E5EB3E400980069 /* zsLib_eventing_tool_GenerateStructImplCpp.h */,
				001E921B1E5EB3E400980069 /* zsLib_eventing_tool_GenerateStructImplHeader.h */,
				001E921C1E5EB3E400980069 /* zsLib_eventing_tool_GenerateTypesHeader.h */,
				001E921D1E5EB3E400980069 /* zsLib_eventing_tool_Helper.h */,
				001E921E1E5EB3E400980069 /* zsLib_eventing_tool_IDLCompiler.h */,
				001E921F1E5EB3E400980069 /* zsLib_eventing_tool_Monitor.h */,
				001E92201E5EB3E400980069 /* zsLib_eventing_tool.h */,
			);
			path = internal;
			sourceTree = "<group>";
		};
/* End PBXGroup section */

/* Begin PBXNativeTarget section */
		008698721DE3F51F009D669C /* zsLib-eventing-tool-ios */ = {
			isa = PBXNativeTarget;
			buildConfigurationList = 0086987C1DE3F51F009D669C /* Build configuration list for PBXNativeTarget "zsLib-eventing-tool-ios" */;
			buildPhases = (
				0086986F1DE3F51F009D669C /* Sources */,
				008698701DE3F51F009D669C /* Frameworks */,
				008698711DE3F51F009D669C /* CopyFiles */,
			);
			buildRules = (
			);
			dependencies = (
			);
			name = "zsLib-eventing-tool-ios";
			productName = "zsLib-eventing-tool-ios";
			productReference = 008698731DE3F51F009D669C /* libzsLib-eventing-tool-ios.a */;
			productType = "com.apple.product-type.library.static";
		};
/* End PBXNativeTarget section */

/* Begin PBXProject section */
		0086986B1DE3F51F009D669C /* Project object */ = {
			isa = PBXProject;
			attributes = {
				LastUpgradeCheck = 0810;
				ORGANIZATIONNAME = "Robin Raymond";
				TargetAttributes = {
					008698721DE3F51F009D669C = {
						CreatedOnToolsVersion = 8.1;
						ProvisioningStyle = Automatic;
					};
				};
			};
			buildConfigurationList = 0086986E1DE3F51F009D669C /* Build configuration list for PBXProject "zsLib-eventing-tool-ios" */;
			compatibilityVersion = "Xcode 3.2";
			developmentRegion = English;
			hasScannedForEncodings = 0;
			knownRegions = (
				en,
			);
			mainGroup = 0086986A1DE3F51F009D669C;
			productRefGroup = 008698741DE3F51F009D669C /* Products */;
			projectDirPath = "";
			projectRoot = "";
			targets = (
				008698721DE3F51F009D669C /* zsLib-eventing-tool-ios */,
			);
		};
/* End PBXProject section */

/* Begin PBXSourcesBuildPhase section */
		0086986F1DE3F51F009D669C /* Sources */ = {
			isa = PBXSourcesBuildPhase;
			buildActionMask = 2147483647;
			files = (
				001E920D1E5EB3D400980069 /* zsLib_eventing_tool_GenerateStructImpHeader.cpp in Sources */,
				001E920E1E5EB3D400980069 /* zsLib_eventing_tool_GenerateStructImplCpp.cpp in Sources */,
				001E920A1E5EB3D400980069 /* zsLib_eventing_tool_GenerateHelper.cpp in Sources */,
				001E92081E5EB3D400980069 /* zsLib_eventing_tool_CommandLine.cpp in Sources */,
				005779B01E9682CF004B0E53 /* zsLib_eventing_tool_GenerateStructDotNet.cpp in Sources */,
				001E92131E5EB3D400980069 /* zsLib_eventing_tool.cpp in Sources */,
				001E920F1E5EB3D400980069 /* zsLib_eventing_tool_GenerateTypesHeader.cpp in Sources */,
				001E92121E5EB3D400980069 /* zsLib_eventing_tool_Monitor.cpp in Sources */,
				001E92091E5EB3D400980069 /* zsLib_eventing_tool_EventingCompiler.cpp in Sources */,
				005779AE1E9682CF004B0E53 /* zsLib_eventing_tool_GenerateJson.cpp in Sources */,
				001E920B1E5EB3D400980069 /* zsLib_eventing_tool_GenerateStructCx.cpp in Sources */,
				005779AF1E9682CF004B0E53 /* zsLib_eventing_tool_GenerateStructC.cpp in Sources */,
				001E920C1E5EB3D400980069 /* zsLib_eventing_tool_GenerateStructHeader.cpp in Sources */,
				001E92101E5EB3D400980069 /* zsLib_eventing_tool_Helper.cpp in Sources */,
				001E92111E5EB3D400980069 /* zsLib_eventing_tool_IDLCompiler.cpp in Sources */,
			);
			runOnlyForDeploymentPostprocessing = 0;
		};
/* End PBXSourcesBuildPhase section */

/* Begin XCBuildConfiguration section */
		0086987A1DE3F51F009D669C /* Debug */ = {
			isa = XCBuildConfiguration;
			buildSettings = {
				ALWAYS_SEARCH_USER_PATHS = NO;
				CLANG_ANALYZER_NONNULL = YES;
				CLANG_CXX_LANGUAGE_STANDARD = "c++0x";
				CLANG_CXX_LIBRARY = "libc++";
				CLANG_ENABLE_MODULES = YES;
				CLANG_ENABLE_OBJC_ARC = YES;
				CLANG_WARN_BOOL_CONVERSION = YES;
				CLANG_WARN_CONSTANT_CONVERSION = YES;
				CLANG_WARN_DIRECT_OBJC_ISA_USAGE = YES_ERROR;
				CLANG_WARN_DOCUMENTATION_COMMENTS = YES;
				CLANG_WARN_EMPTY_BODY = YES;
				CLANG_WARN_ENUM_CONVERSION = YES;
				CLANG_WARN_INFINITE_RECURSION = YES;
				CLANG_WARN_INT_CONVERSION = YES;
				CLANG_WARN_OBJC_ROOT_CLASS = YES_ERROR;
				CLANG_WARN_SUSPICIOUS_MOVES = YES;
				CLANG_WARN_UNREACHABLE_CODE = YES;
				CLANG_WARN__DUPLICATE_METHOD_MATCH = YES;
				"CODE_SIGN_IDENTITY[sdk=iphoneos*]" = "iPhone Developer";
				COPY_PHASE_STRIP = NO;
				DEBUG_INFORMATION_FORMAT = dwarf;
				ENABLE_STRICT_OBJC_MSGSEND = YES;
				ENABLE_TESTABILITY = YES;
				GCC_C_LANGUAGE_STANDARD = gnu99;
				GCC_DYNAMIC_NO_PIC = NO;
				GCC_INLINES_ARE_PRIVATE_EXTERN = YES;
				GCC_NO_COMMON_BLOCKS = YES;
				GCC_OPTIMIZATION_LEVEL = 0;
				GCC_PREPROCESSOR_DEFINITIONS = (
					"DEBUG=1",
					"$(inherited)",
				);
				GCC_SYMBOLS_PRIVATE_EXTERN = YES;
				GCC_WARN_64_TO_32_BIT_CONVERSION = YES;
				GCC_WARN_ABOUT_RETURN_TYPE = YES_ERROR;
				GCC_WARN_SHADOW = YES;
				GCC_WARN_UNDECLARED_SELECTOR = YES;
				GCC_WARN_UNINITIALIZED_AUTOS = YES_AGGRESSIVE;
				GCC_WARN_UNUSED_FUNCTION = YES;
				GCC_WARN_UNUSED_VARIABLE = YES;
				HEADER_SEARCH_PATHS = (
					../../..,
					../../../../zsLib,
					../../../..,
				);
				IPHONEOS_DEPLOYMENT_TARGET = 10.1;
				MTL_ENABLE_DEBUG_INFO = YES;
				ONLY_ACTIVE_ARCH = YES;
				SDKROOT = iphoneos;
			};
			name = Debug;
		};
		0086987B1DE3F51F009D669C /* Release */ = {
			isa = XCBuildConfiguration;
			buildSettings = {
				ALWAYS_SEARCH_USER_PATHS = NO;
				CLANG_ANALYZER_NONNULL = YES;
				CLANG_CXX_LANGUAGE_STANDARD = "c++0x";
				CLANG_CXX_LIBRARY = "libc++";
				CLANG_ENABLE_MODULES = YES;
				CLANG_ENABLE_OBJC_ARC = YES;
				CLANG_WARN_BOOL_CONVERSION = YES;
				CLANG_WARN_CONSTANT_CONVERSION = YES;
				CLANG_WARN_DIRECT_OBJC_ISA_USAGE = YES_ERROR;
				CLANG_WARN_DOCUMENTATION_COMMENTS = YES;
				CLANG_WARN_EMPTY_BODY = YES;
				CLANG_WARN_ENUM_CONVERSION = YES;
				CLANG_WARN_INFINITE_RECURSION = YES;
				CLANG_WARN_INT_CONVERSION = YES;
				CLANG_WARN_OBJC_ROOT_CLASS = YES_ERROR;
				CLANG_WARN_SUSPICIOUS_MOVES = YES;
				CLANG_WARN_UNREACHABLE_CODE = YES;
				CLANG_WARN__DUPLICATE_METHOD_MATCH = YES;
				"CODE_SIGN_IDENTITY[sdk=iphoneos*]" = "iPhone Developer";
				COPY_PHASE_STRIP = NO;
				DEBUG_INFORMATION_FORMAT = "dwarf-with-dsym";
				ENABLE_NS_ASSERTIONS = NO;
				ENABLE_STRICT_OBJC_MSGSEND = YES;
				GCC_C_LANGUAGE_STANDARD = gnu99;
				GCC_INLINES_ARE_PRIVATE_EXTERN = YES;
				GCC_NO_COMMON_BLOCKS = YES;
				GCC_PREPROCESSOR_DEFINITIONS = (
					"NDEBUG=1",
					"$(inherited)",
				);
				GCC_SYMBOLS_PRIVATE_EXTERN = YES;
				GCC_WARN_64_TO_32_BIT_CONVERSION = YES;
				GCC_WARN_ABOUT_RETURN_TYPE = YES_ERROR;
				GCC_WARN_SHADOW = YES;
				GCC_WARN_UNDECLARED_SELECTOR = YES;
				GCC_WARN_UNINITIALIZED_AUTOS = YES_AGGRESSIVE;
				GCC_WARN_UNUSED_FUNCTION = YES;
				GCC_WARN_UNUSED_VARIABLE = YES;
				HEADER_SEARCH_PATHS = (
					../../..,
					../../../../zsLib,
					../../../..,
				);
				IPHONEOS_DEPLOYMENT_TARGET = 10.1;
				MTL_ENABLE_DEBUG_INFO = NO;
				SDKROOT = iphoneos;
				VALIDATE_PRODUCT = YES;
			};
			name = Release;
		};
		0086987D1DE3F51F009D669C /* Debug */ = {
			isa = XCBuildConfiguration;
			buildSettings = {
				OTHER_LDFLAGS = "-ObjC";
				PRODUCT_NAME = "$(TARGET_NAME)";
				SKIP_INSTALL = YES;
			};
			name = Debug;
		};
		0086987E1DE3F51F009D669C /* Release */ = {
			isa = XCBuildConfiguration;
			buildSettings = {
				OTHER_LDFLAGS = "-ObjC";
				PRODUCT_NAME = "$(TARGET_NAME)";
				SKIP_INSTALL = YES;
			};
			name = Release;
		};
/* End XCBuildConfiguration section */

/* Begin XCConfigurationList section */
		0086986E1DE3F51F009D669C /* Build configuration list for PBXProject "zsLib-eventing-tool-ios" */ = {
			isa = XCConfigurationList;
			buildConfigurations = (
				0086987A1DE3F51F009D669C /* Debug */,
				0086987B1DE3F51F009D669C /* Release */,
			);
			defaultConfigurationIsVisible = 0;
			defaultConfigurationName = Release;
		};
		0086987C1DE3F51F009D669C /* Build configuration list for PBXNativeTarget "zsLib-eventing-tool-ios" */ = {
			isa = XCConfigurationList;
			buildConfigurations = (
				0086987D1DE3F51F009D669C /* Debug */,
				0086987E1DE3F51F009D669C /* Release */,
			);
			defaultConfigurationIsVisible = 0;
			defaultConfigurationName = Release;
		};
/* End XCConfigurationList section */
	};
	rootObject = 0086986B1DE3F51F009D669C /* Project object */;
}
