// !$*UTF8*$!
{
	archiveVersion = 1;
	classes = {
	};
	objectVersion = 46;
	objects = {

/* Begin PBXCopyFilesBuildPhase section */
		9451F25A1BC54F57008CB8D7 /* CopyFiles */ = {
			isa = PBXCopyFilesBuildPhase;
			buildActionMask = 2147483647;
			dstPath = "include/$(PRODUCT_NAME)";
			dstSubfolderSpec = 16;
			files = (
			);
			runOnlyForDeploymentPostprocessing = 0;
		};
/* End PBXCopyFilesBuildPhase section */

/* Begin PBXFileReference section */
		9451F25C1BC54F57008CB8D7 /* libwebrtcWrapper_ios.a */ = {isa = PBXFileReference; explicitFileType = archive.ar; includeInIndex = 0; path = libwebrtcWrapper_ios.a; sourceTree = BUILT_PRODUCTS_DIR; };
/* End PBXFileReference section */

/* Begin PBXFrameworksBuildPhase section */
		9451F2591BC54F57008CB8D7 /* Frameworks */ = {
			isa = PBXFrameworksBuildPhase;
			buildActionMask = 2147483647;
			files = (
			);
			runOnlyForDeploymentPostprocessing = 0;
		};
/* End PBXFrameworksBuildPhase section */

/* Begin PBXGroup section */
		9451F2531BC54F57008CB8D7 = {
			isa = PBXGroup;
			children = (
				9451F25D1BC54F57008CB8D7 /* Products */,
			);
			sourceTree = "<group>";
		};
		9451F25D1BC54F57008CB8D7 /* Products */ = {
			isa = PBXGroup;
			children = (
				9451F25C1BC54F57008CB8D7 /* libwebrtcWrapper_ios.a */,
			);
			name = Products;
			sourceTree = "<group>";
		};
/* End PBXGroup section */

/* Begin PBXNativeTarget section */
		9451F25B1BC54F57008CB8D7 /* webrtcWrapper_ios */ = {
			isa = PBXNativeTarget;
			buildConfigurationList = 9451F2651BC54F57008CB8D7 /* Build configuration list for PBXNativeTarget "webrtcWrapper_ios" */;
			buildPhases = (
				9451F2581BC54F57008CB8D7 /* Sources */,
				9451F2591BC54F57008CB8D7 /* Frameworks */,
				9451F25A1BC54F57008CB8D7 /* CopyFiles */,
				52389BB21E60517D001AE52F /* Run Script armv7 */,
				527D5BB51E60588000950991 /* Run Script arm64 */,
				52BA74081E6595D200CAF5AE /* Run Script merge libs */,
			);
			buildRules = (
			);
			dependencies = (
			);
			name = webrtcWrapper_ios;
			productName = webrtcWrapper_ios;
			productReference = 9451F25C1BC54F57008CB8D7 /* libwebrtcWrapper_ios.a */;
			productType = "com.apple.product-type.library.static";
		};
/* End PBXNativeTarget section */

/* Begin PBXProject section */
		9451F2541BC54F57008CB8D7 /* Project object */ = {
			isa = PBXProject;
			attributes = {
				LastUpgradeCheck = 0700;
				ORGANIZATIONNAME = Hookflash;
				TargetAttributes = {
					9451F25B1BC54F57008CB8D7 = {
						CreatedOnToolsVersion = 7.0.1;
					};
				};
			};
			buildConfigurationList = 9451F2571BC54F57008CB8D7 /* Build configuration list for PBXProject "webrtcWrapper_ios" */;
			compatibilityVersion = "Xcode 3.2";
			developmentRegion = English;
			hasScannedForEncodings = 0;
			knownRegions = (
				en,
			);
			mainGroup = 9451F2531BC54F57008CB8D7;
			productRefGroup = 9451F25D1BC54F57008CB8D7 /* Products */;
			projectDirPath = "";
			projectRoot = "";
			targets = (
				9451F25B1BC54F57008CB8D7 /* webrtcWrapper_ios */,
			);
		};
/* End PBXProject section */

/* Begin PBXShellScriptBuildPhase section */
		52389BB21E60517D001AE52F /* Run Script armv7 */ = {
			isa = PBXShellScriptBuildPhase;
			buildActionMask = 2147483647;
			files = (
			);
			inputPaths = (
			);
			name = "Run Script armv7";
			outputPaths = (
			);
			runOnlyForDeploymentPostprocessing = 0;
			shellPath = /bin/sh;
			shellScript = "echo note: \"Compile and copy webrtc via ninja for armv7\"\nexec env \"PATH=../../../../../../webrtc/xplatform/depot_tools:/usr/local/bin:/usr/bin:/bin:/usr/sbin:/sbin:/opt/X11/bin\" ninja -C \"../../../../../../webrtc/xplatform/webrtc/out/ios_arm_${CONFIGURATION}\" webrtc\nexit 1";
		};
		527D5BB51E60588000950991 /* Run Script arm64 */ = {
			isa = PBXShellScriptBuildPhase;
			buildActionMask = 2147483647;
			files = (
			);
			inputPaths = (
			);
			name = "Run Script arm64";
			outputPaths = (
			);
			runOnlyForDeploymentPostprocessing = 0;
			shellPath = /bin/sh;
			shellScript = "echo note: \"Compile and copy webrtc via ninja for arm64\"\nexec env \"PATH=../../../../../../webrtc/xplatform/depot_tools:/usr/local/bin:/usr/bin:/bin:/usr/sbin:/sbin:/opt/X11/bin\" ninja -C \"../../../../../../webrtc/xplatform/webrtc/out/ios_arm64_${CONFIGURATION}\" webrtc\nexit 1";
		};
		52BA74081E6595D200CAF5AE /* Run Script merge libs */ = {
			isa = PBXShellScriptBuildPhase;
			buildActionMask = 2147483647;
			files = (
			);
			inputPaths = (
			);
			name = "Run Script merge libs";
			outputPaths = (
			);
			runOnlyForDeploymentPostprocessing = 0;
			shellPath = /bin/sh;
			shellScript = "echo note: \"Merging WebRtc libraries\"\nexec env \"PATH=../../../../../../bin:/usr/local/bin:/usr/bin:/bin:/usr/sbin:/sbin:/opt/X11/bin\" mergeWebRtciOsLibs.sh ../../../../../../webrtc/xplatform/webrtc/out/ios_arm64_${CONFIGURATION}/WebRTC.framework/WebRTC ../../../../../webrtc/xplatform/webrtc/out/ios_arm_${CONFIGURATION}$/WebRTC.framework/WebRTC ../../../../../../webrtc/xplatform/webrtc/out_ios/${CONFIGURATION}${EFFECTIVE_PLATFORM_NAME} ../../../../../../webrtc/xplatform/webrtc/out_ios";
		};
/* End PBXShellScriptBuildPhase section */

/* Begin PBXSourcesBuildPhase section */
		9451F2581BC54F57008CB8D7 /* Sources */ = {
			isa = PBXSourcesBuildPhase;
			buildActionMask = 2147483647;
			files = (
			);
			runOnlyForDeploymentPostprocessing = 0;
		};
/* End PBXSourcesBuildPhase section */

/* Begin XCBuildConfiguration section */
		9451F2631BC54F57008CB8D7 /* Debug */ = {
			isa = XCBuildConfiguration;
			buildSettings = {
				ALWAYS_SEARCH_USER_PATHS = NO;
				CLANG_CXX_LANGUAGE_STANDARD = "gnu++0x";
				CLANG_CXX_LIBRARY = "libc++";
				CLANG_ENABLE_MODULES = YES;
				CLANG_ENABLE_OBJC_ARC = YES;
				CLANG_WARN_BOOL_CONVERSION = YES;
				CLANG_WARN_CONSTANT_CONVERSION = YES;
				CLANG_WARN_DIRECT_OBJC_ISA_USAGE = YES_ERROR;
				CLANG_WARN_EMPTY_BODY = YES;
				CLANG_WARN_ENUM_CONVERSION = YES;
				CLANG_WARN_INT_CONVERSION = YES;
				CLANG_WARN_OBJC_ROOT_CLASS = YES_ERROR;
				CLANG_WARN_UNREACHABLE_CODE = YES;
				CLANG_WARN__DUPLICATE_METHOD_MATCH = YES;
				COPY_PHASE_STRIP = NO;
				DEBUG_INFORMATION_FORMAT = dwarf;
				ENABLE_STRICT_OBJC_MSGSEND = YES;
				ENABLE_TESTABILITY = YES;
				GCC_C_LANGUAGE_STANDARD = gnu99;
				GCC_DYNAMIC_NO_PIC = NO;
				GCC_NO_COMMON_BLOCKS = YES;
				GCC_OPTIMIZATION_LEVEL = 0;
				GCC_PREPROCESSOR_DEFINITIONS = (
					"DEBUG=1",
					"$(inherited)",
				);
				GCC_WARN_64_TO_32_BIT_CONVERSION = YES;
				GCC_WARN_ABOUT_RETURN_TYPE = YES_ERROR;
				GCC_WARN_UNDECLARED_SELECTOR = YES;
				GCC_WARN_UNINITIALIZED_AUTOS = YES_AGGRESSIVE;
				GCC_WARN_UNUSED_FUNCTION = YES;
				GCC_WARN_UNUSED_VARIABLE = YES;
				IPHONEOS_DEPLOYMENT_TARGET = 9.0;
				MTL_ENABLE_DEBUG_INFO = YES;
				ONLY_ACTIVE_ARCH = YES;
				SDKROOT = iphoneos;
			};
			name = Debug;
		};
		9451F2641BC54F57008CB8D7 /* Release */ = {
			isa = XCBuildConfiguration;
			buildSettings = {
				ALWAYS_SEARCH_USER_PATHS = NO;
				CLANG_CXX_LANGUAGE_STANDARD = "gnu++0x";
				CLANG_CXX_LIBRARY = "libc++";
				CLANG_ENABLE_MODULES = YES;
				CLANG_ENABLE_OBJC_ARC = YES;
				CLANG_WARN_BOOL_CONVERSION = YES;
				CLANG_WARN_CONSTANT_CONVERSION = YES;
				CLANG_WARN_DIRECT_OBJC_ISA_USAGE = YES_ERROR;
				CLANG_WARN_EMPTY_BODY = YES;
				CLANG_WARN_ENUM_CONVERSION = YES;
				CLANG_WARN_INT_CONVERSION = YES;
				CLANG_WARN_OBJC_ROOT_CLASS = YES_ERROR;
				CLANG_WARN_UNREACHABLE_CODE = YES;
				CLANG_WARN__DUPLICATE_METHOD_MATCH = YES;
				COPY_PHASE_STRIP = NO;
				DEBUG_INFORMATION_FORMAT = "dwarf-with-dsym";
				ENABLE_NS_ASSERTIONS = NO;
				ENABLE_STRICT_OBJC_MSGSEND = YES;
				GCC_C_LANGUAGE_STANDARD = gnu99;
				GCC_NO_COMMON_BLOCKS = YES;
				GCC_WARN_64_TO_32_BIT_CONVERSION = YES;
				GCC_WARN_ABOUT_RETURN_TYPE = YES_ERROR;
				GCC_WARN_UNDECLARED_SELECTOR = YES;
				GCC_WARN_UNINITIALIZED_AUTOS = YES_AGGRESSIVE;
				GCC_WARN_UNUSED_FUNCTION = YES;
				GCC_WARN_UNUSED_VARIABLE = YES;
				IPHONEOS_DEPLOYMENT_TARGET = 9.0;
				MTL_ENABLE_DEBUG_INFO = NO;
				SDKROOT = iphoneos;
				VALIDATE_PRODUCT = YES;
			};
			name = Release;
		};
		9451F2661BC54F57008CB8D7 /* Debug */ = {
			isa = XCBuildConfiguration;
			buildSettings = {
				IPHONEOS_DEPLOYMENT_TARGET = 9.0;
				OTHER_LDFLAGS = "-ObjC";
				PRODUCT_NAME = "$(TARGET_NAME)";
				SKIP_INSTALL = YES;
			};
			name = Debug;
		};
		9451F2671BC54F57008CB8D7 /* Release */ = {
			isa = XCBuildConfiguration;
			buildSettings = {
				IPHONEOS_DEPLOYMENT_TARGET = 9.0;
				OTHER_LDFLAGS = "-ObjC";
				PRODUCT_NAME = "$(TARGET_NAME)";
				SKIP_INSTALL = YES;
			};
			name = Release;
		};
/* End XCBuildConfiguration section */

/* Begin XCConfigurationList section */
		9451F2571BC54F57008CB8D7 /* Build configuration list for PBXProject "webrtcWrapper_ios" */ = {
			isa = XCConfigurationList;
			buildConfigurations = (
				9451F2631BC54F57008CB8D7 /* Debug */,
				9451F2641BC54F57008CB8D7 /* Release */,
			);
			defaultConfigurationIsVisible = 0;
			defaultConfigurationName = Release;
		};
		9451F2651BC54F57008CB8D7 /* Build configuration list for PBXNativeTarget "webrtcWrapper_ios" */ = {
			isa = XCConfigurationList;
			buildConfigurations = (
				9451F2661BC54F57008CB8D7 /* Debug */,
				9451F2671BC54F57008CB8D7 /* Release */,
			);
			defaultConfigurationIsVisible = 0;
			defaultConfigurationName = Release;
		};
/* End XCConfigurationList section */
	};
	rootObject = 9451F2541BC54F57008CB8D7 /* Project object */;
}
