<?xml version="1.0" encoding="utf-8"?>
<Project ToolsVersion="4.0" xmlns="http://schemas.microsoft.com/developer/msbuild/2003">
  <ItemGroup>
    <ClCompile Include="main.cpp" />
    <ClCompile Include="..\..\..\..\zsLib\zsLib\extras\uuid\clear.c">
      <Filter>zsLib\extras\uuid</Filter>
    </ClCompile>
    <ClCompile Include="..\..\..\..\zsLib\zsLib\extras\uuid\compare.c">
      <Filter>zsLib\extras\uuid</Filter>
    </ClCompile>
    <ClCompile Include="..\..\..\..\zsLib\zsLib\extras\uuid\copy.c">
      <Filter>zsLib\extras\uuid</Filter>
    </ClCompile>
    <ClCompile Include="..\..\..\..\zsLib\zsLib\extras\uuid\gen_uuid.c">
      <Filter>zsLib\extras\uuid</Filter>
    </ClCompile>
    <ClCompile Include="..\..\..\..\zsLib\zsLib\extras\uuid\gen_uuid_nt.c">
      <Filter>zsLib\extras\uuid</Filter>
    </ClCompile>
    <ClCompile Include="..\..\..\..\zsLib\zsLib\extras\uuid\isnull.c">
      <Filter>zsLib\extras\uuid</Filter>
    </ClCompile>
    <ClCompile Include="..\..\..\..\zsLib\zsLib\extras\uuid\pack.c">
      <Filter>zsLib\extras\uuid</Filter>
    </ClCompile>
    <ClCompile Include="..\..\..\..\zsLib\zsLib\extras\uuid\parse.c">
      <Filter>zsLib\extras\uuid</Filter>
    </ClCompile>
    <ClCompile Include="..\..\..\..\zsLib\zsLib\extras\win32\strptime.cpp">
      <Filter>zsLib\extras\win32</Filter>
    </ClCompile>
    <ClCompile Include="..\..\..\..\zsLib\zsLib\extras\uuid\tst_uuid.c">
      <Filter>zsLib\extras\uuid</Filter>
    </ClCompile>
    <ClCompile Include="..\..\..\..\zsLib\zsLib\extras\uuid\uuid_time.c">
      <Filter>zsLib\extras\uuid</Filter>
    </ClCompile>
    <ClCompile Include="..\..\..\..\zsLib\zsLib\extras\uuid\unparse.c">
      <Filter>zsLib\extras\uuid</Filter>
    </ClCompile>
    <ClCompile Include="..\..\..\..\zsLib\zsLib\extras\uuid\unpack.c">
      <Filter>zsLib\extras\uuid</Filter>
    </ClCompile>
    <ClCompile Include="..\..\..\..\zsLib\zsLib\cpp\zsLib.cpp">
      <Filter>zsLib\cpp</Filter>
    </ClCompile>
    <ClCompile Include="..\..\..\..\zsLib\zsLib\cpp\zsLib_Event.cpp">
      <Filter>zsLib\cpp</Filter>
    </ClCompile>
    <ClCompile Include="..\..\..\zsLib\eventing\cpp\zsLib_eventing.cpp">
      <Filter>zsLib\eventing\cpp</Filter>
    </ClCompile>
    <ClCompile Include="..\..\..\zsLib\eventing\cpp\zsLib_eventing_EventingTypes.cpp">
      <Filter>zsLib\eventing\cpp</Filter>
    </ClCompile>
    <ClCompile Include="..\..\..\zsLib\eventing\cpp\zsLib_eventing_Hasher.cpp">
      <Filter>zsLib\eventing\cpp</Filter>
    </ClCompile>
    <ClCompile Include="..\..\..\zsLib\eventing\cpp\zsLib_eventing_Helper.cpp">
      <Filter>zsLib\eventing\cpp</Filter>
    </ClCompile>
    <ClCompile Include="..\..\..\zsLib\eventing\cpp\zsLib_eventing_IDLTypes.cpp">
      <Filter>zsLib\eventing\cpp</Filter>
    </ClCompile>
    <ClCompile Include="..\..\..\zsLib\eventing\cpp\zsLib_eventing_RemoteEventing.cpp">
      <Filter>zsLib\eventing\cpp</Filter>
    </ClCompile>
    <ClCompile Include="..\..\..\zsLib\eventing\tool\cpp\zsLib_eventing_tool_Monitor.cpp">
      <Filter>zsLib\eventing\tool\cpp</Filter>
    </ClCompile>
    <ClCompile Include="..\..\..\zsLib\eventing\tool\cpp\zsLib_eventing_tool_CommandLine.cpp">
      <Filter>zsLib\eventing\tool\cpp</Filter>
    </ClCompile>
    <ClCompile Include="..\..\..\zsLib\eventing\tool\cpp\zsLib_eventing_tool_EventingCompiler.cpp">
      <Filter>zsLib\eventing\tool\cpp</Filter>
    </ClCompile>
    <ClCompile Include="..\..\..\zsLib\eventing\tool\cpp\zsLib_eventing_tool_GenerateHelper.cpp">
      <Filter>zsLib\eventing\tool\cpp</Filter>
    </ClCompile>
    <ClCompile Include="..\..\..\zsLib\eventing\tool\cpp\zsLib_eventing_tool_GenerateJson.cpp">
      <Filter>zsLib\eventing\tool\cpp</Filter>
    </ClCompile>
    <ClCompile Include="..\..\..\zsLib\eventing\tool\cpp\zsLib_eventing_tool_GenerateStructC.cpp">
      <Filter>zsLib\eventing\tool\cpp</Filter>
    </ClCompile>
    <ClCompile Include="..\..\..\zsLib\eventing\tool\cpp\zsLib_eventing_tool_GenerateStructCx.cpp">
      <Filter>zsLib\eventing\tool\cpp</Filter>
    </ClCompile>
    <ClCompile Include="..\..\..\zsLib\eventing\tool\cpp\zsLib_eventing_tool_GenerateStructDotNet.cpp">
      <Filter>zsLib\eventing\tool\cpp</Filter>
    </ClCompile>
    <ClCompile Include="..\..\..\zsLib\eventing\tool\cpp\zsLib_eventing_tool_GenerateStructHeader.cpp">
      <Filter>zsLib\eventing\tool\cpp</Filter>
    </ClCompile>
    <ClCompile Include="..\..\..\zsLib\eventing\tool\cpp\zsLib_eventing_tool_GenerateStructImpHeader.cpp">
      <Filter>zsLib\eventing\tool\cpp</Filter>
    </ClCompile>
    <ClCompile Include="..\..\..\zsLib\eventing\tool\cpp\zsLib_eventing_tool_GenerateStructImplCpp.cpp">
      <Filter>zsLib\eventing\tool\cpp</Filter>
    </ClCompile>
    <ClCompile Include="..\..\..\zsLib\eventing\tool\cpp\zsLib_eventing_tool_GenerateStructPython.cpp">
      <Filter>zsLib\eventing\tool\cpp</Filter>
    </ClCompile>
    <ClCompile Include="..\..\..\zsLib\eventing\tool\cpp\zsLib_eventing_tool_GenerateTypesHeader.cpp">
      <Filter>zsLib\eventing\tool\cpp</Filter>
    </ClCompile>
    <ClCompile Include="..\..\..\zsLib\eventing\tool\cpp\zsLib_eventing_tool_Helper.cpp">
      <Filter>zsLib\eventing\tool\cpp</Filter>
    </ClCompile>
    <ClCompile Include="..\..\..\zsLib\eventing\tool\cpp\zsLib_eventing_tool_IDLCompiler.cpp">
      <Filter>zsLib\eventing\tool\cpp</Filter>
    </ClCompile>
    <ClCompile Include="..\..\..\zsLib\eventing\tool\cpp\zsLib_eventing_tool.cpp">
      <Filter>zsLib\eventing\tool\cpp</Filter>
    </ClCompile>
    <ClCompile Include="..\..\..\..\zsLib\zsLib\cpp\zsLib_Exception.cpp">
      <Filter>zsLib\cpp</Filter>
    </ClCompile>
    <ClCompile Include="..\..\..\..\zsLib\zsLib\cpp\zsLib_Helper.cpp">
      <Filter>zsLib\cpp</Filter>
    </ClCompile>
    <ClCompile Include="..\..\..\..\zsLib\zsLib\cpp\zsLib_helpers.cpp">
      <Filter>zsLib\cpp</Filter>
    </ClCompile>
    <ClCompile Include="..\..\..\..\zsLib\zsLib\cpp\zsLib_IPAddress.cpp">
      <Filter>zsLib\cpp</Filter>
    </ClCompile>
    <ClCompile Include="..\..\..\..\zsLib\zsLib\cpp\zsLib_Log.cpp">
      <Filter>zsLib\cpp</Filter>
    </ClCompile>
    <ClCompile Include="..\..\..\..\zsLib\zsLib\cpp\zsLib_MessageQueue.cpp">
      <Filter>zsLib\cpp</Filter>
    </ClCompile>
    <ClCompile Include="..\..\..\..\zsLib\zsLib\cpp\zsLib_MessageQueueAssociator.cpp">
      <Filter>zsLib\cpp</Filter>
    </ClCompile>
    <ClCompile Include="..\..\..\..\zsLib\zsLib\cpp\zsLib_MessageQueueManager.cpp">
      <Filter>zsLib\cpp</Filter>
    </ClCompile>
    <ClCompile Include="..\..\..\..\zsLib\zsLib\cpp\zsLib_MessageQueueThread.cpp">
      <Filter>zsLib\cpp</Filter>
    </ClCompile>
    <ClCompile Include="..\..\..\..\zsLib\zsLib\cpp\zsLib_MessageQueueThreadBasic.cpp">
      <Filter>zsLib\cpp</Filter>
    </ClCompile>
    <ClCompile Include="..\..\..\..\zsLib\zsLib\cpp\zsLib_MessageQueueThreadPool.cpp">
      <Filter>zsLib\cpp</Filter>
    </ClCompile>
    <ClCompile Include="..\..\..\..\zsLib\zsLib\cpp\zsLib_MessageQueueThreadUsingBlackberryChannels.cpp">
      <Filter>zsLib\cpp</Filter>
    </ClCompile>
    <ClCompile Include="..\..\..\..\zsLib\zsLib\cpp\zsLib_MessageQueueThreadUsingCurrentGUIMessageQueueForWindows.cpp">
      <Filter>zsLib\cpp</Filter>
    </ClCompile>
    <ClCompile Include="..\..\..\..\zsLib\zsLib\cpp\zsLib_MessageQueueThreadUsingCurrentGUIMessageQueueForWinUWP.cpp">
      <Filter>zsLib\cpp</Filter>
    </ClCompile>
    <ClCompile Include="..\..\..\..\zsLib\zsLib\cpp\zsLib_MessageQueueThreadUsingMainThreadMessageQueueForApple.cpp">
      <Filter>zsLib\cpp</Filter>
    </ClCompile>
    <ClCompile Include="..\..\..\..\zsLib\zsLib\cpp\zsLib_Numeric.cpp">
      <Filter>zsLib\cpp</Filter>
    </ClCompile>
    <ClCompile Include="..\..\..\..\zsLib\zsLib\cpp\zsLib_Promise.cpp">
      <Filter>zsLib\cpp</Filter>
    </ClCompile>
    <ClCompile Include="..\..\..\..\zsLib\zsLib\cpp\zsLib_Proxy.cpp">
      <Filter>zsLib\cpp</Filter>
    </ClCompile>
    <ClCompile Include="..\..\..\..\zsLib\zsLib\cpp\zsLib_RangeSelection.cpp">
      <Filter>zsLib\cpp</Filter>
    </ClCompile>
    <ClCompile Include="..\..\..\..\zsLib\zsLib\cpp\zsLib_Settings.cpp">
      <Filter>zsLib\cpp</Filter>
    </ClCompile>
    <ClCompile Include="..\..\..\..\zsLib\zsLib\cpp\zsLib_Singleton.cpp">
      <Filter>zsLib\cpp</Filter>
    </ClCompile>
    <ClCompile Include="..\..\..\..\zsLib\zsLib\cpp\zsLib_Socket.cpp">
      <Filter>zsLib\cpp</Filter>
    </ClCompile>
    <ClCompile Include="..\..\..\..\zsLib\zsLib\cpp\zsLib_SocketMonitor.cpp">
      <Filter>zsLib\cpp</Filter>
    </ClCompile>
    <ClCompile Include="..\..\..\..\zsLib\zsLib\cpp\zsLib_Stringize.cpp">
      <Filter>zsLib\cpp</Filter>
    </ClCompile>
    <ClCompile Include="..\..\..\..\zsLib\zsLib\cpp\zsLib_String.cpp">
      <Filter>zsLib\cpp</Filter>
    </ClCompile>
    <ClCompile Include="..\..\..\..\zsLib\zsLib\cpp\zsLib_Timer.cpp">
      <Filter>zsLib\cpp</Filter>
    </ClCompile>
    <ClCompile Include="..\..\..\..\zsLib\zsLib\cpp\zsLib_TimerMonitor.cpp">
      <Filter>zsLib\cpp</Filter>
    </ClCompile>
    <ClCompile Include="..\..\..\..\zsLib\zsLib\cpp\zsLib_WindowsEventProviderLogger.cpp">
      <Filter>zsLib\cpp</Filter>
    </ClCompile>
    <ClCompile Include="..\..\..\..\zsLib\zsLib\cpp\zsLib_XML.cpp">
      <Filter>zsLib\cpp</Filter>
    </ClCompile>
    <ClCompile Include="..\..\..\..\zsLib\zsLib\cpp\zsLib_XMLAttribute.cpp">
      <Filter>zsLib\cpp</Filter>
    </ClCompile>
    <ClCompile Include="..\..\..\..\zsLib\zsLib\cpp\zsLib_XMLComment.cpp">
      <Filter>zsLib\cpp</Filter>
    </ClCompile>
    <ClCompile Include="..\..\..\..\zsLib\zsLib\cpp\zsLib_XMLDeclaration.cpp">
      <Filter>zsLib\cpp</Filter>
    </ClCompile>
    <ClCompile Include="..\..\..\..\zsLib\zsLib\cpp\zsLib_XMLDocument.cpp">
      <Filter>zsLib\cpp</Filter>
    </ClCompile>
    <ClCompile Include="..\..\..\..\zsLib\zsLib\cpp\zsLib_XMLElement.cpp">
      <Filter>zsLib\cpp</Filter>
    </ClCompile>
    <ClCompile Include="..\..\..\..\zsLib\zsLib\cpp\zsLib_XMLGenerator.cpp">
      <Filter>zsLib\cpp</Filter>
    </ClCompile>
    <ClCompile Include="..\..\..\..\zsLib\zsLib\cpp\zsLib_XMLNode.cpp">
      <Filter>zsLib\cpp</Filter>
    </ClCompile>
    <ClCompile Include="..\..\..\..\zsLib\zsLib\cpp\zsLib_XMLParser.cpp">
      <Filter>zsLib\cpp</Filter>
    </ClCompile>
    <ClCompile Include="..\..\..\..\zsLib\zsLib\cpp\zsLib_XMLParserPos.cpp">
      <Filter>zsLib\cpp</Filter>
    </ClCompile>
    <ClCompile Include="..\..\..\..\zsLib\zsLib\cpp\zsLib_XMLParserWarningTypes.cpp">
      <Filter>zsLib\cpp</Filter>
    </ClCompile>
    <ClCompile Include="..\..\..\..\zsLib\zsLib\cpp\zsLib_XMLText.cpp">
      <Filter>zsLib\cpp</Filter>
    </ClCompile>
    <ClCompile Include="..\..\..\..\zsLib\zsLib\cpp\zsLib_XMLUnknown.cpp">
      <Filter>zsLib\cpp</Filter>
    </ClCompile>
  </ItemGroup>
  <ItemGroup>
    <ClInclude Include="..\..\..\..\zsLib\zsLib\extras\uuid\config.h">
      <Filter>zsLib\extras\uuid</Filter>
    </ClInclude>
    <ClInclude Include="..\..\..\..\zsLib\zsLib\date.h">
      <Filter>zsLib</Filter>
    </ClInclude>
    <ClInclude Include="..\..\..\..\zsLib\zsLib\Event.h">
      <Filter>zsLib</Filter>
    </ClInclude>
    <ClInclude Include="..\..\..\zsLib\eventing\eventing.h">
      <Filter>zsLib\eventing</Filter>
    </ClInclude>
    <ClInclude Include="..\..\..\..\zsLib\zsLib\eventing\EventTypes.h">
      <Filter>zsLib\eventing</Filter>
    </ClInclude>
    <ClInclude Include="..\..\..\..\zsLib\zsLib\Exception.h">
      <Filter>zsLib</Filter>
    </ClInclude>
    <ClInclude Include="..\..\..\..\zsLib\zsLib\helpers.h">
      <Filter>zsLib</Filter>
    </ClInclude>
    <ClInclude Include="..\..\..\zsLib\eventing\tool\ICommandLine.h">
      <Filter>zsLib\eventing\tool</Filter>
    </ClInclude>
    <ClInclude Include="..\..\..\zsLib\eventing\tool\ICompiler.h">
      <Filter>zsLib\eventing\tool</Filter>
    </ClInclude>
    <ClInclude Include="..\..\..\zsLib\eventing\IEventingTypes.h">
      <Filter>zsLib\eventing</Filter>
    </ClInclude>
    <ClInclude Include="..\..\..\..\zsLib\zsLib\IFactory.h">
      <Filter>zsLib</Filter>
    </ClInclude>
    <ClInclude Include="..\..\..\zsLib\eventing\IHasher.h">
      <Filter>zsLib\eventing</Filter>
    </ClInclude>
    <ClInclude Include="..\..\..\zsLib\eventing\IHelper.h">
      <Filter>zsLib\eventing</Filter>
    </ClInclude>
    <ClInclude Include="..\..\..\..\zsLib\zsLib\IHelper.h">
      <Filter>zsLib</Filter>
    </ClInclude>
    <ClInclude Include="..\..\..\zsLib\eventing\IIDLTypes.h">
      <Filter>zsLib\eventing</Filter>
    </ClInclude>
    <ClInclude Include="..\..\..\..\zsLib\zsLib\IMessageQueue.h">
      <Filter>zsLib</Filter>
    </ClInclude>
    <ClInclude Include="..\..\..\..\zsLib\zsLib\IMessageQueueManager.h">
      <Filter>zsLib</Filter>
    </ClInclude>
    <ClInclude Include="..\..\..\..\zsLib\zsLib\IMessageQueueThread.h">
      <Filter>zsLib</Filter>
    </ClInclude>
    <ClInclude Include="..\..\..\..\zsLib\zsLib\IMessageQueueThreadPool.h">
      <Filter>zsLib</Filter>
    </ClInclude>
    <ClInclude Include="..\..\..\..\zsLib\zsLib\IPAddress.h">
      <Filter>zsLib</Filter>
    </ClInclude>
    <ClInclude Include="..\..\..\zsLib\eventing\IRemoteEventing.h">
      <Filter>zsLib\eventing</Filter>
    </ClInclude>
    <ClInclude Include="..\..\..\..\zsLib\zsLib\ISettings.h">
      <Filter>zsLib</Filter>
    </ClInclude>
    <ClInclude Include="..\..\..\..\zsLib\zsLib\IWakeDelegate.h">
      <Filter>zsLib</Filter>
    </ClInclude>
    <ClInclude Include="..\..\..\..\zsLib\zsLib\Log.h">
      <Filter>zsLib</Filter>
    </ClInclude>
    <ClInclude Include="..\..\..\..\zsLib\zsLib\eventing\Log.h">
      <Filter>zsLib\eventing</Filter>
    </ClInclude>
    <ClInclude Include="..\..\..\..\zsLib\zsLib\ITimer.h">
      <Filter>zsLib</Filter>
    </ClInclude>
    <ClInclude Include="..\..\..\..\zsLib\zsLib\MessageQueueAssociator.h">
      <Filter>zsLib</Filter>
    </ClInclude>
    <ClInclude Include="..\..\..\..\zsLib\zsLib\eventing\noop.h">
      <Filter>zsLib\eventing</Filter>
    </ClInclude>
    <ClInclude Include="..\..\..\..\zsLib\zsLib\Numeric.h">
      <Filter>zsLib</Filter>
    </ClInclude>
    <ClInclude Include="..\..\..\zsLib\eventing\tool\OutputStream.h">
      <Filter>zsLib\eventing\tool</Filter>
    </ClInclude>
    <ClInclude Include="..\..\..\..\zsLib\zsLib\internal\platform.h">
      <Filter>zsLib\internal</Filter>
    </ClInclude>
    <ClInclude Include="..\..\..\..\zsLib\zsLib\Socket.h">
      <Filter>zsLib</Filter>
    </ClInclude>
    <ClInclude Include="..\..\..\..\zsLib\zsLib\Singleton.h">
      <Filter>zsLib</Filter>
    </ClInclude>
    <ClInclude Include="..\..\..\..\zsLib\zsLib\SafeInt.h">
      <Filter>zsLib</Filter>
    </ClInclude>
    <ClInclude Include="..\..\..\..\zsLib\zsLib\RangeSelection.h">
      <Filter>zsLib</Filter>
    </ClInclude>
    <ClInclude Include="..\..\..\..\zsLib\zsLib\ProxySubscriptions.h">
      <Filter>zsLib</Filter>
    </ClInclude>
    <ClInclude Include="..\..\..\..\zsLib\zsLib\Proxy.h">
      <Filter>zsLib</Filter>
    </ClInclude>
    <ClInclude Include="..\..\..\..\zsLib\zsLib\Promise.h">
      <Filter>zsLib</Filter>
    </ClInclude>
    <ClInclude Include="..\..\..\..\zsLib\zsLib\String.h">
      <Filter>zsLib</Filter>
    </ClInclude>
    <ClInclude Include="..\..\..\..\zsLib\zsLib\Stringize.h">
      <Filter>zsLib</Filter>
    </ClInclude>
    <ClInclude Include="..\..\..\..\zsLib\zsLib\extras\uuid\uuid.h">
      <Filter>zsLib\extras\uuid</Filter>
    </ClInclude>
    <ClInclude Include="..\..\..\..\zsLib\zsLib\extras\uuid\uuidP.h">
      <Filter>zsLib\extras\uuid</Filter>
    </ClInclude>
    <ClInclude Include="..\..\..\..\zsLib\zsLib\extras\uuid\uuidd.h">
      <Filter>zsLib\extras\uuid</Filter>
    </ClInclude>
    <ClInclude Include="..\..\..\..\zsLib\zsLib\extras\uuid\uuid_types.h">
      <Filter>zsLib\extras\uuid</Filter>
    </ClInclude>
    <ClInclude Include="..\..\..\zsLib\eventing\tool\tool.h">
      <Filter>zsLib\eventing\tool</Filter>
    </ClInclude>
    <ClInclude Include="..\..\..\..\zsLib\zsLib\internal\types.h">
      <Filter>zsLib\internal</Filter>
    </ClInclude>
    <ClInclude Include="..\..\..\zsLib\eventing\internal\types.h">
      <Filter>zsLib\eventing\internal</Filter>
    </ClInclude>
    <ClInclude Include="..\..\..\..\zsLib\zsLib\TearAway.h">
      <Filter>zsLib</Filter>
    </ClInclude>
    <ClInclude Include="..\..\..\zsLib\eventing\tool\types.h">
      <Filter>zsLib\eventing\tool</Filter>
    </ClInclude>
    <ClInclude Include="..\..\..\zsLib\eventing\types.h">
      <Filter>zsLib\eventing</Filter>
    </ClInclude>
    <ClInclude Include="..\..\..\zsLib\eventing\tool\internal\types.h">
      <Filter>zsLib\eventing\tool\internal</Filter>
    </ClInclude>
    <ClInclude Include="..\..\..\..\zsLib\zsLib\types.h">
      <Filter>zsLib</Filter>
    </ClInclude>
    <ClInclude Include="..\..\..\..\zsLib\zsLib\XML.h">
      <Filter>zsLib</Filter>
    </ClInclude>
    <ClInclude Include="..\..\..\..\zsLib\zsLib\WeightedMovingAverage.h">
      <Filter>zsLib</Filter>
    </ClInclude>
    <ClInclude Include="..\..\..\..\zsLib\zsLib\zsLib.h">
      <Filter>zsLib</Filter>
    </ClInclude>
    <ClInclude Include="..\..\..\..\zsLib\zsLib\internal\zsLib_Event.h">
      <Filter>zsLib\internal</Filter>
    </ClInclude>
    <ClInclude Include="..\..\..\..\zsLib\zsLib\eventing\internal\zsLib_eventing_EventTypes.h">
      <Filter>zsLib\eventing\internal</Filter>
    </ClInclude>
    <ClInclude Include="..\..\..\zsLib\eventing\internal\zsLib_eventing_EventingTypes.h">
      <Filter>zsLib\eventing\internal</Filter>
    </ClInclude>
    <ClInclude Include="..\..\..\zsLib\eventing\internal\zsLib_eventing_Hasher.h">
      <Filter>zsLib\eventing\internal</Filter>
    </ClInclude>
    <ClInclude Include="..\..\..\zsLib\eventing\internal\zsLib_eventing_Helper.h">
      <Filter>zsLib\eventing\internal</Filter>
    </ClInclude>
    <ClInclude Include="..\..\..\zsLib\eventing\internal\zsLib_eventing_IDLTypes.h">
      <Filter>zsLib\eventing\internal</Filter>
    </ClInclude>
    <ClInclude Include="..\..\..\..\zsLib\zsLib\eventing\internal\zsLib_eventing_Log.h">
      <Filter>zsLib\eventing\internal</Filter>
    </ClInclude>
    <ClInclude Include="..\..\..\zsLib\eventing\internal\zsLib_eventing_RemoteEventing.h">
      <Filter>zsLib\eventing\internal</Filter>
    </ClInclude>
    <ClInclude Include="..\..\..\zsLib\eventing\tool\internal\zsLib_eventing_tool.h">
      <Filter>zsLib\eventing\tool\internal</Filter>
    </ClInclude>
    <ClInclude Include="..\..\..\zsLib\eventing\tool\internal\zsLib_eventing_tool_CommandLine.h">
      <Filter>zsLib\eventing\tool\internal</Filter>
    </ClInclude>
    <ClInclude Include="..\..\..\zsLib\eventing\tool\internal\zsLib_eventing_tool_EventingCompiler.h">
      <Filter>zsLib\eventing\tool\internal</Filter>
    </ClInclude>
    <ClInclude Include="..\..\..\zsLib\eventing\tool\internal\zsLib_eventing_tool_GenerateJson.h">
      <Filter>zsLib\eventing\tool\internal</Filter>
    </ClInclude>
    <ClInclude Include="..\..\..\zsLib\eventing\tool\internal\zsLib_eventing_tool_GenerateHelper.h">
      <Filter>zsLib\eventing\tool\internal</Filter>
    </ClInclude>
    <ClInclude Include="..\..\..\zsLib\eventing\tool\internal\zsLib_eventing_tool_GenerateStructC.h">
      <Filter>zsLib\eventing\tool\internal</Filter>
    </ClInclude>
    <ClInclude Include="..\..\..\zsLib\eventing\tool\internal\zsLib_eventing_tool_GenerateStructCx.h">
      <Filter>zsLib\eventing\tool\internal</Filter>
    </ClInclude>
    <ClInclude Include="..\..\..\zsLib\eventing\tool\internal\zsLib_eventing_tool_GenerateStructDotNet.h">
      <Filter>zsLib\eventing\tool\internal</Filter>
    </ClInclude>
    <ClInclude Include="..\..\..\zsLib\eventing\tool\internal\zsLib_eventing_tool_GenerateStructHeader.h">
      <Filter>zsLib\eventing\tool\internal</Filter>
    </ClInclude>
    <ClInclude Include="..\..\..\zsLib\eventing\tool\internal\zsLib_eventing_tool_GenerateStructImplCpp.h">
      <Filter>zsLib\eventing\tool\internal</Filter>
    </ClInclude>
    <ClInclude Include="..\..\..\zsLib\eventing\tool\internal\zsLib_eventing_tool_GenerateStructImplHeader.h">
      <Filter>zsLib\eventing\tool\internal</Filter>
    </ClInclude>
    <ClInclude Include="..\..\..\zsLib\eventing\tool\internal\zsLib_eventing_tool_GenerateStructPython.h">
      <Filter>zsLib\eventing\tool\internal</Filter>
    </ClInclude>
    <ClInclude Include="..\..\..\zsLib\eventing\tool\internal\zsLib_eventing_tool_GenerateTypesHeader.h">
      <Filter>zsLib\eventing\tool\internal</Filter>
    </ClInclude>
    <ClInclude Include="..\..\..\zsLib\eventing\tool\internal\zsLib_eventing_tool_Helper.h">
      <Filter>zsLib\eventing\tool\internal</Filter>
    </ClInclude>
    <ClInclude Include="..\..\..\zsLib\eventing\tool\internal\zsLib_eventing_tool_IDLCompiler.h">
      <Filter>zsLib\eventing\tool\internal</Filter>
    </ClInclude>
    <ClInclude Include="..\..\..\zsLib\eventing\tool\internal\zsLib_eventing_tool_Monitor.h">
      <Filter>zsLib\eventing\tool\internal</Filter>
    </ClInclude>
    <ClInclude Include="..\..\..\..\zsLib\zsLib\internal\zsLib_Log.h">
      <Filter>zsLib\internal</Filter>
    </ClInclude>
    <ClInclude Include="..\..\..\..\zsLib\zsLib\internal\zsLib_Exception.h">
      <Filter>zsLib\internal</Filter>
    </ClInclude>
    <ClInclude Include="..\..\..\..\zsLib\zsLib\internal\zsLib_Helper.h">
      <Filter>zsLib\internal</Filter>
    </ClInclude>
    <ClInclude Include="..\..\..\..\zsLib\zsLib\internal\zsLib_IPAddress.h">
      <Filter>zsLib\internal</Filter>
    </ClInclude>
    <ClInclude Include="..\..\..\..\zsLib\zsLib\internal\zsLib_MessageQueue.h">
      <Filter>zsLib\internal</Filter>
    </ClInclude>
    <ClInclude Include="..\..\..\..\zsLib\zsLib\internal\zsLib_MessageQueueManager.h">
      <Filter>zsLib\internal</Filter>
    </ClInclude>
    <ClInclude Include="..\..\..\..\zsLib\zsLib\internal\zsLib_MessageQueueThread.h">
      <Filter>zsLib\internal</Filter>
    </ClInclude>
    <ClInclude Include="..\..\..\..\zsLib\zsLib\internal\zsLib_MessageQueueThreadBasic.h">
      <Filter>zsLib\internal</Filter>
    </ClInclude>
    <ClInclude Include="..\..\..\..\zsLib\zsLib\internal\zsLib_MessageQueueThreadPool.h">
      <Filter>zsLib\internal</Filter>
    </ClInclude>
    <ClInclude Include="..\..\..\..\zsLib\zsLib\internal\zsLib_MessageQueueThreadUsingBlackberryChannels.h">
      <Filter>zsLib\internal</Filter>
    </ClInclude>
    <ClInclude Include="..\..\..\..\zsLib\zsLib\internal\zsLib_MessageQueueThreadUsingCurrentGUIMessageQueueForWindows.h">
      <Filter>zsLib\internal</Filter>
    </ClInclude>
    <ClInclude Include="..\..\..\..\zsLib\zsLib\internal\zsLib_MessageQueueThreadUsingCurrentGUIMessageQueueForWinUWP.h">
      <Filter>zsLib\internal</Filter>
    </ClInclude>
    <ClInclude Include="..\..\..\..\zsLib\zsLib\internal\zsLib_MessageQueueThreadUsingMainThreadMessageQueueForApple.h">
      <Filter>zsLib\internal</Filter>
    </ClInclude>
    <ClInclude Include="..\..\..\..\zsLib\zsLib\internal\zsLib_Numeric.h">
      <Filter>zsLib\internal</Filter>
    </ClInclude>
    <ClInclude Include="..\..\..\..\zsLib\zsLib\internal\zsLib_Promise.h">
      <Filter>zsLib\internal</Filter>
    </ClInclude>
    <ClInclude Include="..\..\..\..\zsLib\zsLib\internal\zsLib_Proxy.h">
      <Filter>zsLib\internal</Filter>
    </ClInclude>
    <ClInclude Include="..\..\..\..\zsLib\zsLib\internal\zsLib_ProxyPack.h">
      <Filter>zsLib\internal</Filter>
    </ClInclude>
    <ClInclude Include="..\..\..\..\zsLib\zsLib\internal\zsLib_ProxySubscriptions.h">
      <Filter>zsLib\internal</Filter>
    </ClInclude>
    <ClInclude Include="..\..\..\..\zsLib\zsLib\internal\zsLib_RangeSelection.h">
      <Filter>zsLib\internal</Filter>
    </ClInclude>
    <ClInclude Include="..\..\..\..\zsLib\zsLib\internal\zsLib_Settings.h">
      <Filter>zsLib\internal</Filter>
    </ClInclude>
    <ClInclude Include="..\..\..\..\zsLib\zsLib\internal\zsLib_Singleton.h">
      <Filter>zsLib\internal</Filter>
    </ClInclude>
    <ClInclude Include="..\..\..\..\zsLib\zsLib\internal\zsLib_Socket.h">
      <Filter>zsLib\internal</Filter>
    </ClInclude>
    <ClInclude Include="..\..\..\..\zsLib\zsLib\internal\zsLib_SocketMonitor.h">
      <Filter>zsLib\internal</Filter>
    </ClInclude>
    <ClInclude Include="..\..\..\..\zsLib\zsLib\internal\zsLib_Stringize.h">
      <Filter>zsLib\internal</Filter>
    </ClInclude>
    <ClInclude Include="..\..\..\..\zsLib\zsLib\internal\zsLib_TearAway.h">
      <Filter>zsLib\internal</Filter>
    </ClInclude>
    <ClInclude Include="..\..\..\..\zsLib\zsLib\internal\zsLib_Timer.h">
      <Filter>zsLib\internal</Filter>
    </ClInclude>
    <ClInclude Include="..\..\..\..\zsLib\zsLib\internal\zsLib_TimerMonitor.h">
      <Filter>zsLib\internal</Filter>
    </ClInclude>
    <ClInclude Include="..\..\..\..\zsLib\zsLib\internal\zsLib_XML.h">
      <Filter>zsLib\internal</Filter>
    </ClInclude>
  </ItemGroup>
  <ItemGroup>
    <Midl Include="..\..\..\..\zsLib\zsLib\idl\std.idl">
      <Filter>zsLib\idl</Filter>
    </Midl>
    <Midl Include="..\..\..\..\zsLib\zsLib\idl\zsLib.idl">
      <Filter>zsLib\idl</Filter>
    </Midl>
  </ItemGroup>
  <ItemGroup>
    <None Include="..\..\..\..\zsLib\zsLib\idl\config.json">
      <Filter>zsLib\idl</Filter>
    </None>
    <None Include="..\..\..\..\zsLib\zsLib\cpp\zsLib.events.json">
      <Filter>zsLib\cpp</Filter>
    </None>
  </ItemGroup>
  <ItemGroup>
    <Filter Include="zsLib">
      <UniqueIdentifier>{e1ba26be-3995-42b9-a3f4-4069956fa1f7}</UniqueIdentifier>
    </Filter>
    <Filter Include="zsLib\cpp">
      <UniqueIdentifier>{d90116ef-9328-48d2-8ce0-8d237d6a769d}</UniqueIdentifier>
    </Filter>
    <Filter Include="zsLib\eventing">
      <UniqueIdentifier>{755ae7f2-c565-478f-9f12-a0015335f2fb}</UniqueIdentifier>
    </Filter>
    <Filter Include="zsLib\extras">
      <UniqueIdentifier>{c3260d66-bb79-4fcd-8390-1910a7094546}</UniqueIdentifier>
    </Filter>
    <Filter Include="zsLib\idl">
      <UniqueIdentifier>{a905b04d-75cf-45c5-83ce-1805a2453f07}</UniqueIdentifier>
    </Filter>
    <Filter Include="zsLib\internal">
      <UniqueIdentifier>{bbea1cd3-692c-4c6a-813f-219f0944a847}</UniqueIdentifier>
    </Filter>
    <Filter Include="zsLib\extras\win32">
      <UniqueIdentifier>{c9b8f118-7312-4403-9970-3f3463f78690}</UniqueIdentifier>
    </Filter>
    <Filter Include="zsLib\extras\uuid">
      <UniqueIdentifier>{5c88fc65-20ea-44a7-936c-41201c94c760}</UniqueIdentifier>
    </Filter>
    <Filter Include="zsLib\eventing\cpp">
      <UniqueIdentifier>{5f596ec4-b27e-4a0b-97fa-8a9d5004da45}</UniqueIdentifier>
    </Filter>
    <Filter Include="zsLib\eventing\internal">
      <UniqueIdentifier>{d3b18b9c-865e-4584-9eb2-a42d85aab688}</UniqueIdentifier>
    </Filter>
    <Filter Include="zsLib\eventing\tool">
      <UniqueIdentifier>{5a3e184b-ab5b-4977-ac5a-35ff860e4f87}</UniqueIdentifier>
    </Filter>
    <Filter Include="zsLib\eventing\tool\cpp">
      <UniqueIdentifier>{727b4244-7e15-49a8-8c38-925f21a99c1d}</UniqueIdentifier>
    </Filter>
    <Filter Include="zsLib\eventing\tool\internal">
      <UniqueIdentifier>{1aec00c6-d0c2-472c-9914-0127706faf5f}</UniqueIdentifier>
    </Filter>
  </ItemGroup>
</Project>